// !$*UTF8*$!
{
	archiveVersion = 1;
	classes = {
	};
	objectVersion = 50;
	objects = {

/* Begin PBXBuildFile section */
		C51177D924CC505300D04DC5 /* AppDelegate.m in Sources */ = {isa = PBXBuildFile; fileRef = C51177D824CC505300D04DC5 /* AppDelegate.m */; };
		C51177DC24CC505300D04DC5 /* SceneDelegate.m in Sources */ = {isa = PBXBuildFile; fileRef = C51177DB24CC505300D04DC5 /* SceneDelegate.m */; };
		C51177DF24CC505300D04DC5 /* ViewController.m in Sources */ = {isa = PBXBuildFile; fileRef = C51177DE24CC505300D04DC5 /* ViewController.m */; };
		C51177E224CC505300D04DC5 /* Main.storyboard in Resources */ = {isa = PBXBuildFile; fileRef = C51177E024CC505300D04DC5 /* Main.storyboard */; };
		C51177E424CC505500D04DC5 /* Assets.xcassets in Resources */ = {isa = PBXBuildFile; fileRef = C51177E324CC505500D04DC5 /* Assets.xcassets */; };
		C51177E724CC505500D04DC5 /* LaunchScreen.storyboard in Resources */ = {isa = PBXBuildFile; fileRef = C51177E524CC505500D04DC5 /* LaunchScreen.storyboard */; };
		C51177EA24CC505500D04DC5 /* main.m in Sources */ = {isa = PBXBuildFile; fileRef = C51177E924CC505500D04DC5 /* main.m */; };
		C51177F324CD56DE00D04DC5 /* BaseDuck.m in Sources */ = {isa = PBXBuildFile; fileRef = C51177F224CD56DE00D04DC5 /* BaseDuck.m */; };
		C51177FA24CD5A5000D04DC5 /* MallardDuck.m in Sources */ = {isa = PBXBuildFile; fileRef = C51177F924CD5A5000D04DC5 /* MallardDuck.m */; };
		C51177FD24CD5AB100D04DC5 /* FlyWithWings.m in Sources */ = {isa = PBXBuildFile; fileRef = C51177FC24CD5AB100D04DC5 /* FlyWithWings.m */; };
		C511780024CD5ACD00D04DC5 /* Quack.m in Sources */ = {isa = PBXBuildFile; fileRef = C51177FF24CD5ACD00D04DC5 /* Quack.m */; };
		C511780324CD5C9800D04DC5 /* FlyNoWay.m in Sources */ = {isa = PBXBuildFile; fileRef = C511780224CD5C9800D04DC5 /* FlyNoWay.m */; };
		C511780624CD5CEF00D04DC5 /* QuackLow.m in Sources */ = {isa = PBXBuildFile; fileRef = C511780524CD5CEF00D04DC5 /* QuackLow.m */; };
/* End PBXBuildFile section */

/* Begin PBXFileReference section */
		C51177D424CC505300D04DC5 /* Chapter01.app */ = {isa = PBXFileReference; explicitFileType = wrapper.application; includeInIndex = 0; path = Chapter01.app; sourceTree = BUILT_PRODUCTS_DIR; };
		C51177D724CC505300D04DC5 /* AppDelegate.h */ = {isa = PBXFileReference; lastKnownFileType = sourcecode.c.h; path = AppDelegate.h; sourceTree = "<group>"; };
		C51177D824CC505300D04DC5 /* AppDelegate.m */ = {isa = PBXFileReference; lastKnownFileType = sourcecode.c.objc; path = AppDelegate.m; sourceTree = "<group>"; };
		C51177DA24CC505300D04DC5 /* SceneDelegate.h */ = {isa = PBXFileReference; lastKnownFileType = sourcecode.c.h; path = SceneDelegate.h; sourceTree = "<group>"; };
		C51177DB24CC505300D04DC5 /* SceneDelegate.m */ = {isa = PBXFileReference; lastKnownFileType = sourcecode.c.objc; path = SceneDelegate.m; sourceTree = "<group>"; };
		C51177DD24CC505300D04DC5 /* ViewController.h */ = {isa = PBXFileReference; lastKnownFileType = sourcecode.c.h; path = ViewController.h; sourceTree = "<group>"; };
		C51177DE24CC505300D04DC5 /* ViewController.m */ = {isa = PBXFileReference; lastKnownFileType = sourcecode.c.objc; path = ViewController.m; sourceTree = "<group>"; };
		C51177E124CC505300D04DC5 /* Base */ = {isa = PBXFileReference; lastKnownFileType = file.storyboard; name = Base; path = Base.lproj/Main.storyboard; sourceTree = "<group>"; };
		C51177E324CC505500D04DC5 /* Assets.xcassets */ = {isa = PBXFileReference; lastKnownFileType = folder.assetcatalog; path = Assets.xcassets; sourceTree = "<group>"; };
		C51177E624CC505500D04DC5 /* Base */ = {isa = PBXFileReference; lastKnownFileType = file.storyboard; name = Base; path = Base.lproj/LaunchScreen.storyboard; sourceTree = "<group>"; };
		C51177E824CC505500D04DC5 /* Info.plist */ = {isa = PBXFileReference; lastKnownFileType = text.plist.xml; path = Info.plist; sourceTree = "<group>"; };
		C51177E924CC505500D04DC5 /* main.m */ = {isa = PBXFileReference; lastKnownFileType = sourcecode.c.objc; path = main.m; sourceTree = "<group>"; };
		C51177F124CD56DE00D04DC5 /* BaseDuck.h */ = {isa = PBXFileReference; lastKnownFileType = sourcecode.c.h; path = BaseDuck.h; sourceTree = "<group>"; };
		C51177F224CD56DE00D04DC5 /* BaseDuck.m */ = {isa = PBXFileReference; lastKnownFileType = sourcecode.c.objc; path = BaseDuck.m; sourceTree = "<group>"; };
		C51177F424CD571F00D04DC5 /* FlyBehaviorProtocol.h */ = {isa = PBXFileReference; lastKnownFileType = sourcecode.c.h; path = FlyBehaviorProtocol.h; sourceTree = "<group>"; };
		C51177F524CD576400D04DC5 /* QuackBehaviorProtocol.h */ = {isa = PBXFileReference; lastKnownFileType = sourcecode.c.h; path = QuackBehaviorProtocol.h; sourceTree = "<group>"; };
		C51177F824CD5A5000D04DC5 /* MallardDuck.h */ = {isa = PBXFileReference; lastKnownFileType = sourcecode.c.h; path = MallardDuck.h; sourceTree = "<group>"; };
		C51177F924CD5A5000D04DC5 /* MallardDuck.m */ = {isa = PBXFileReference; lastKnownFileType = sourcecode.c.objc; path = MallardDuck.m; sourceTree = "<group>"; };
		C51177FB24CD5AB100D04DC5 /* FlyWithWings.h */ = {isa = PBXFileReference; lastKnownFileType = sourcecode.c.h; path = FlyWithWings.h; sourceTree = "<group>"; };
		C51177FC24CD5AB100D04DC5 /* FlyWithWings.m */ = {isa = PBXFileReference; lastKnownFileType = sourcecode.c.objc; path = FlyWithWings.m; sourceTree = "<group>"; };
		C51177FE24CD5ACD00D04DC5 /* Quack.h */ = {isa = PBXFileReference; lastKnownFileType = sourcecode.c.h; path = Quack.h; sourceTree = "<group>"; };
		C51177FF24CD5ACD00D04DC5 /* Quack.m */ = {isa = PBXFileReference; lastKnownFileType = sourcecode.c.objc; path = Quack.m; sourceTree = "<group>"; };
		C511780124CD5C9800D04DC5 /* FlyNoWay.h */ = {isa = PBXFileReference; lastKnownFileType = sourcecode.c.h; path = FlyNoWay.h; sourceTree = "<group>"; };
		C511780224CD5C9800D04DC5 /* FlyNoWay.m */ = {isa = PBXFileReference; lastKnownFileType = sourcecode.c.objc; path = FlyNoWay.m; sourceTree = "<group>"; };
		C511780424CD5CEF00D04DC5 /* QuackLow.h */ = {isa = PBXFileReference; lastKnownFileType = sourcecode.c.h; path = QuackLow.h; sourceTree = "<group>"; };
		C511780524CD5CEF00D04DC5 /* QuackLow.m */ = {isa = PBXFileReference; lastKnownFileType = sourcecode.c.objc; path = QuackLow.m; sourceTree = "<group>"; };
/* End PBXFileReference section */

/* Begin PBXFrameworksBuildPhase section */
		C51177D124CC505300D04DC5 /* Frameworks */ = {
			isa = PBXFrameworksBuildPhase;
			buildActionMask = 2147483647;
			files = (
			);
			runOnlyForDeploymentPostprocessing = 0;
		};
/* End PBXFrameworksBuildPhase section */

/* Begin PBXGroup section */
		C51177CB24CC505300D04DC5 = {
			isa = PBXGroup;
			children = (
				C51177D624CC505300D04DC5 /* Chapter01 */,
				C51177D524CC505300D04DC5 /* Products */,
			);
			sourceTree = "<group>";
		};
		C51177D524CC505300D04DC5 /* Products */ = {
			isa = PBXGroup;
			children = (
				C51177D424CC505300D04DC5 /* Chapter01.app */,
			);
			name = Products;
			sourceTree = "<group>";
		};
		C51177D624CC505300D04DC5 /* Chapter01 */ = {
			isa = PBXGroup;
			children = (
				C51177F024CD56C000D04DC5 /* DuckDemo */,
				C51177D724CC505300D04DC5 /* AppDelegate.h */,
				C51177D824CC505300D04DC5 /* AppDelegate.m */,
				C51177DA24CC505300D04DC5 /* SceneDelegate.h */,
				C51177DB24CC505300D04DC5 /* SceneDelegate.m */,
				C51177DD24CC505300D04DC5 /* ViewController.h */,
				C51177DE24CC505300D04DC5 /* ViewController.m */,
				C51177E024CC505300D04DC5 /* Main.storyboard */,
				C51177E324CC505500D04DC5 /* Assets.xcassets */,
				C51177E524CC505500D04DC5 /* LaunchScreen.storyboard */,
				C51177E824CC505500D04DC5 /* Info.plist */,
				C51177E924CC505500D04DC5 /* main.m */,
			);
			path = Chapter01;
			sourceTree = "<group>";
		};
		C51177F024CD56C000D04DC5 /* DuckDemo */ = {
			isa = PBXGroup;
			children = (
				C51177F724CD5A2400D04DC5 /* Main */,
				C51177F624CD5A1900D04DC5 /* Base */,
			);
			path = DuckDemo;
			sourceTree = "<group>";
		};
		C51177F624CD5A1900D04DC5 /* Base */ = {
			isa = PBXGroup;
			children = (
				C51177F124CD56DE00D04DC5 /* BaseDuck.h */,
				C51177F224CD56DE00D04DC5 /* BaseDuck.m */,
				C51177F424CD571F00D04DC5 /* FlyBehaviorProtocol.h */,
				C51177F524CD576400D04DC5 /* QuackBehaviorProtocol.h */,
			);
			path = Base;
			sourceTree = "<group>";
		};
		C51177F724CD5A2400D04DC5 /* Main */ = {
			isa = PBXGroup;
			children = (
				C51177F824CD5A5000D04DC5 /* MallardDuck.h */,
				C51177F924CD5A5000D04DC5 /* MallardDuck.m */,
				C51177FB24CD5AB100D04DC5 /* FlyWithWings.h */,
				C51177FC24CD5AB100D04DC5 /* FlyWithWings.m */,
				C511780124CD5C9800D04DC5 /* FlyNoWay.h */,
				C511780224CD5C9800D04DC5 /* FlyNoWay.m */,
				C51177FE24CD5ACD00D04DC5 /* Quack.h */,
				C51177FF24CD5ACD00D04DC5 /* Quack.m */,
				C511780424CD5CEF00D04DC5 /* QuackLow.h */,
				C511780524CD5CEF00D04DC5 /* QuackLow.m */,
			);
			path = Main;
			sourceTree = "<group>";
		};
/* End PBXGroup section */

/* Begin PBXNativeTarget section */
		C51177D324CC505300D04DC5 /* Chapter01 */ = {
			isa = PBXNativeTarget;
			buildConfigurationList = C51177ED24CC505500D04DC5 /* Build configuration list for PBXNativeTarget "Chapter01" */;
			buildPhases = (
				C51177D024CC505300D04DC5 /* Sources */,
				C51177D124CC505300D04DC5 /* Frameworks */,
				C51177D224CC505300D04DC5 /* Resources */,
			);
			buildRules = (
			);
			dependencies = (
			);
			name = Chapter01;
			productName = Chapter01;
			productReference = C51177D424CC505300D04DC5 /* Chapter01.app */;
			productType = "com.apple.product-type.application";
		};
/* End PBXNativeTarget section */

/* Begin PBXProject section */
		C51177CC24CC505300D04DC5 /* Project object */ = {
			isa = PBXProject;
			attributes = {
				LastUpgradeCheck = 1160;
				ORGANIZATIONNAME = yangyun;
				TargetAttributes = {
					C51177D324CC505300D04DC5 = {
						CreatedOnToolsVersion = 11.6;
					};
				};
			};
			buildConfigurationList = C51177CF24CC505300D04DC5 /* Build configuration list for PBXProject "Chapter01" */;
			compatibilityVersion = "Xcode 9.3";
			developmentRegion = en;
			hasScannedForEncodings = 0;
			knownRegions = (
				en,
				Base,
			);
			mainGroup = C51177CB24CC505300D04DC5;
			productRefGroup = C51177D524CC505300D04DC5 /* Products */;
			projectDirPath = "";
			projectRoot = "";
			targets = (
				C51177D324CC505300D04DC5 /* Chapter01 */,
			);
		};
/* End PBXProject section */

/* Begin PBXResourcesBuildPhase section */
		C51177D224CC505300D04DC5 /* Resources */ = {
			isa = PBXResourcesBuildPhase;
			buildActionMask = 2147483647;
			files = (
				C51177E724CC505500D04DC5 /* LaunchScreen.storyboard in Resources */,
				C51177E424CC505500D04DC5 /* Assets.xcassets in Resources */,
				C51177E224CC505300D04DC5 /* Main.storyboard in Resources */,
			);
			runOnlyForDeploymentPostprocessing = 0;
		};
/* End PBXResourcesBuildPhase section */

/* Begin PBXSourcesBuildPhase section */
		C51177D024CC505300D04DC5 /* Sources */ = {
			isa = PBXSourcesBuildPhase;
			buildActionMask = 2147483647;
			files = (
				C51177DF24CC505300D04DC5 /* ViewController.m in Sources */,
				C51177D924CC505300D04DC5 /* AppDelegate.m in Sources */,
				C511780624CD5CEF00D04DC5 /* QuackLow.m in Sources */,
				C51177FA24CD5A5000D04DC5 /* MallardDuck.m in Sources */,
				C51177F324CD56DE00D04DC5 /* BaseDuck.m in Sources */,
				C51177EA24CC505500D04DC5 /* main.m in Sources */,
				C51177FD24CD5AB100D04DC5 /* FlyWithWings.m in Sources */,
				C511780324CD5C9800D04DC5 /* FlyNoWay.m in Sources */,
				C51177DC24CC505300D04DC5 /* SceneDelegate.m in Sources */,
				C511780024CD5ACD00D04DC5 /* Quack.m in Sources */,
			);
			runOnlyForDeploymentPostprocessing = 0;
		};
/* End PBXSourcesBuildPhase section */

/* Begin PBXVariantGroup section */
		C51177E024CC505300D04DC5 /* Main.storyboard */ = {
			isa = PBXVariantGroup;
			children = (
				C51177E124CC505300D04DC5 /* Base */,
			);
			name = Main.storyboard;
			sourceTree = "<group>";
		};
		C51177E524CC505500D04DC5 /* LaunchScreen.storyboard */ = {
			isa = PBXVariantGroup;
			children = (
				C51177E624CC505500D04DC5 /* Base */,
			);
			name = LaunchScreen.storyboard;
			sourceTree = "<group>";
		};
/* End PBXVariantGroup section */

/* Begin XCBuildConfiguration section */
		C51177EB24CC505500D04DC5 /* Debug */ = {
			isa = XCBuildConfiguration;
			buildSettings = {
				ALWAYS_SEARCH_USER_PATHS = NO;
				CLANG_ANALYZER_NONNULL = YES;
				CLANG_ANALYZER_NUMBER_OBJECT_CONVERSION = YES_AGGRESSIVE;
				CLANG_CXX_LANGUAGE_STANDARD = "gnu++14";
				CLANG_CXX_LIBRARY = "libc++";
				CLANG_ENABLE_MODULES = YES;
				CLANG_ENABLE_OBJC_ARC = YES;
				CLANG_ENABLE_OBJC_WEAK = YES;
				CLANG_WARN_BLOCK_CAPTURE_AUTORELEASING = YES;
				CLANG_WARN_BOOL_CONVERSION = YES;
				CLANG_WARN_COMMA = YES;
				CLANG_WARN_CONSTANT_CONVERSION = YES;
				CLANG_WARN_DEPRECATED_OBJC_IMPLEMENTATIONS = YES;
				CLANG_WARN_DIRECT_OBJC_ISA_USAGE = YES_ERROR;
				CLANG_WARN_DOCUMENTATION_COMMENTS = YES;
				CLANG_WARN_EMPTY_BODY = YES;
				CLANG_WARN_ENUM_CONVERSION = YES;
				CLANG_WARN_INFINITE_RECURSION = YES;
				CLANG_WARN_INT_CONVERSION = YES;
				CLANG_WARN_NON_LITERAL_NULL_CONVERSION = YES;
				CLANG_WARN_OBJC_IMPLICIT_RETAIN_SELF = YES;
				CLANG_WARN_OBJC_LITERAL_CONVERSION = YES;
				CLANG_WARN_OBJC_ROOT_CLASS = YES_ERROR;
				CLANG_WARN_RANGE_LOOP_ANALYSIS = YES;
				CLANG_WARN_STRICT_PROTOTYPES = YES;
				CLANG_WARN_SUSPICIOUS_MOVE = YES;
				CLANG_WARN_UNGUARDED_AVAILABILITY = YES_AGGRESSIVE;
				CLANG_WARN_UNREACHABLE_CODE = YES;
				CLANG_WARN__DUPLICATE_METHOD_MATCH = YES;
				COPY_PHASE_STRIP = NO;
				DEBUG_INFORMATION_FORMAT = dwarf;
				ENABLE_STRICT_OBJC_MSGSEND = YES;
				ENABLE_TESTABILITY = YES;
				GCC_C_LANGUAGE_STANDARD = gnu11;
				GCC_DYNAMIC_NO_PIC = NO;
				GCC_NO_COMMON_BLOCKS = YES;
				GCC_OPTIMIZATION_LEVEL = 0;
				GCC_PREPROCESSOR_DEFINITIONS = (
					"DEBUG=1",
					"$(inherited)",
				);
				GCC_WARN_64_TO_32_BIT_CONVERSION = YES;
				GCC_WARN_ABOUT_RETURN_TYPE = YES_ERROR;
				GCC_WARN_UNDECLARED_SELECTOR = YES;
				GCC_WARN_UNINITIALIZED_AUTOS = YES_AGGRESSIVE;
				GCC_WARN_UNUSED_FUNCTION = YES;
				GCC_WARN_UNUSED_VARIABLE = YES;
				IPHONEOS_DEPLOYMENT_TARGET = 13.6;
				MTL_ENABLE_DEBUG_INFO = INCLUDE_SOURCE;
				MTL_FAST_MATH = YES;
				ONLY_ACTIVE_ARCH = YES;
				SDKROOT = iphoneos;
			};
			name = Debug;
		};
		C51177EC24CC505500D04DC5 /* Release */ = {
			isa = XCBuildConfiguration;
			buildSettings = {
				ALWAYS_SEARCH_USER_PATHS = NO;
				CLANG_ANALYZER_NONNULL = YES;
				CLANG_ANALYZER_NUMBER_OBJECT_CONVERSION = YES_AGGRESSIVE;
				CLANG_CXX_LANGUAGE_STANDARD = "gnu++14";
				CLANG_CXX_LIBRARY = "libc++";
				CLANG_ENABLE_MODULES = YES;
				CLANG_ENABLE_OBJC_ARC = YES;
				CLANG_ENABLE_OBJC_WEAK = YES;
				CLANG_WARN_BLOCK_CAPTURE_AUTORELEASING = YES;
				CLANG_WARN_BOOL_CONVERSION = YES;
				CLANG_WARN_COMMA = YES;
				CLANG_WARN_CONSTANT_CONVERSION = YES;
				CLANG_WARN_DEPRECATED_OBJC_IMPLEMENTATIONS = YES;
				CLANG_WARN_DIRECT_OBJC_ISA_USAGE = YES_ERROR;
				CLANG_WARN_DOCUMENTATION_COMMENTS = YES;
				CLANG_WARN_EMPTY_BODY = YES;
				CLANG_WARN_ENUM_CONVERSION = YES;
				CLANG_WARN_INFINITE_RECURSION = YES;
				CLANG_WARN_INT_CONVERSION = YES;
				CLANG_WARN_NON_LITERAL_NULL_CONVERSION = YES;
				CLANG_WARN_OBJC_IMPLICIT_RETAIN_SELF = YES;
				CLANG_WARN_OBJC_LITERAL_CONVERSION = YES;
				CLANG_WARN_OBJC_ROOT_CLASS = YES_ERROR;
				CLANG_WARN_RANGE_LOOP_ANALYSIS = YES;
				CLANG_WARN_STRICT_PROTOTYPES = YES;
				CLANG_WARN_SUSPICIOUS_MOVE = YES;
				CLANG_WARN_UNGUARDED_AVAILABILITY = YES_AGGRESSIVE;
				CLANG_WARN_UNREACHABLE_CODE = YES;
				CLANG_WARN__DUPLICATE_METHOD_MATCH = YES;
				COPY_PHASE_STRIP = NO;
				DEBUG_INFORMATION_FORMAT = "dwarf-with-dsym";
				ENABLE_NS_ASSERTIONS = NO;
				ENABLE_STRICT_OBJC_MSGSEND = YES;
				GCC_C_LANGUAGE_STANDARD = gnu11;
				GCC_NO_COMMON_BLOCKS = YES;
				GCC_WARN_64_TO_32_BIT_CONVERSION = YES;
				GCC_WARN_ABOUT_RETURN_TYPE = YES_ERROR;
				GCC_WARN_UNDECLARED_SELECTOR = YES;
				GCC_WARN_UNINITIALIZED_AUTOS = YES_AGGRESSIVE;
				GCC_WARN_UNUSED_FUNCTION = YES;
				GCC_WARN_UNUSED_VARIABLE = YES;
				IPHONEOS_DEPLOYMENT_TARGET = 13.6;
				MTL_ENABLE_DEBUG_INFO = NO;
				MTL_FAST_MATH = YES;
				SDKROOT = iphoneos;
				VALIDATE_PRODUCT = YES;
			};
			name = Release;
		};
		C51177EE24CC505500D04DC5 /* Debug */ = {
			isa = XCBuildConfiguration;
			buildSettings = {
				ASSETCATALOG_COMPILER_APPICON_NAME = AppIcon;
				CODE_SIGN_STYLE = Automatic;
				INFOPLIST_FILE = Chapter01/Info.plist;
				LD_RUNPATH_SEARCH_PATHS = (
					"$(inherited)",
					"@executable_path/Frameworks",
				);
				PRODUCT_BUNDLE_IDENTIFIER = com.yangyunlearning.R.Chapter01;
				PRODUCT_NAME = "$(TARGET_NAME)";
				TARGETED_DEVICE_FAMILY = "1,2";
			};
			name = Debug;
		};
		C51177EF24CC505500D04DC5 /* Release */ = {
			isa = XCBuildConfiguration;
			buildSettings = {
				ASSETCATALOG_COMPILER_APPICON_NAME = AppIcon;
				CODE_SIGN_STYLE = Automatic;
				INFOPLIST_FILE = Chapter01/Info.plist;
				LD_RUNPATH_SEARCH_PATHS = (
					"$(inherited)",
					"@executable_path/Frameworks",
				);
				PRODUCT_BUNDLE_IDENTIFIER = com.yangyunlearning.R.Chapter01;
				PRODUCT_NAME = "$(TARGET_NAME)";
				TARGETED_DEVICE_FAMILY = "1,2";
			};
			name = Release;
		};
/* End XCBuildConfiguration section */

/* Begin XCConfigurationList section */
		C51177CF24CC505300D04DC5 /* Build configuration list for PBXProject "Chapter01" */ = {
			isa = XCConfigurationList;
			buildConfigurations = (
				C51177EB24CC505500D04DC5 /* Debug */,
				C51177EC24CC505500D04DC5 /* Release */,
			);
			defaultConfigurationIsVisible = 0;
			defaultConfigurationName = Release;
		};
		C51177ED24CC505500D04DC5 /* Build configuration list for PBXNativeTarget "Chapter01" */ = {
			isa = XCConfigurationList;
			buildConfigurations = (
				C51177EE24CC505500D04DC5 /* Debug */,
				C51177EF24CC505500D04DC5 /* Release */,
			);
			defaultConfigurationIsVisible = 0;
			defaultConfigurationName = Release;
		};
/* End XCConfigurationList section */
	};
	rootObject = C51177CC24CC505300D04DC5 /* Project object */;
}
